
Microsoft Visual Studio Solution File, Format Version 12.00
# Visual Studio Version 17
VisualStudioVersion = 17.2.32630.192
MinimumVisualStudioVersion = 10.0.40219.1
Project("{FAE04EC0-301F-11D3-BF4B-00C04F79EFBC}") = "Algoritmo Profundidad 3", "ConsoleApp1\Algoritmo Profundidad 3.csproj", "{2B7B8251-422E-4588-8BF7-97ACD5D97F34}"
EndProject
Global
	GlobalSection(SolutionConfigurationPlatforms) = preSolution
		Debug|Any CPU = Debug|Any CPU
		Release|Any CPU = Release|Any CPU
	EndGlobalSection
	GlobalSection(ProjectConfigurationPlatforms) = postSolution
		{2B7B8251-422E-4588-8BF7-97ACD5D97F34}.Debug|Any CPU.ActiveCfg = Debug|Any CPU
		{2B7B8251-422E-4588-8BF7-97ACD5D97F34}.Debug|Any CPU.Build.0 = Debug|Any CPU
		{2B7B8251-422E-4588-8BF7-97ACD5D97F34}.Release|Any CPU.ActiveCfg = Release|Any CPU
		{2B7B8251-422E-4588-8BF7-97ACD5D97F34}.Release|Any CPU.Build.0 = Release|Any CPU
	EndGlobalSection
	GlobalSection(SolutionProperties) = preSolution
		HideSolutionNode = FALSE
	EndGlobalSection
	GlobalSection(ExtensibilityGlobals) = postSolution
		SolutionGuid = {1051EAD9-CD36-4676-923E-D4507A2457B9}
	EndGlobalSection
EndGlobal
